github.com/google/uuid v1.6.0 h1:NIvaJDMOsjHA8n1jAhLSgzrAzy1Hgr+hNrb57e+94F0=
github.com/google/uuid v1.6.0/go.mod h1:TIyPZe4MgqvfeYDBFedMoGGpEw/LqOeaOT+nhxU+yHo=
github.com/lib/pq v1.12.0 h1:mC1zeiNamwKBecjHarAr26c/+d8V5w/u4J0I/yASbJo=
github.com/lib/pq v1.12.0/go.mod h1:/p+8NSbOcwzAEI7wiMXFlgydTwcgTr3OSKMsD2BitpA=
github.com/samborkent/uuidv7 v0.0.0-20231110121620-f2e19d87e48b h1:39v+thWy220bPAl5iP0p0b1s5DXmrtidMFRZqYsmEfI=
github.com/samborkent/uuidv7 v0.0.0-20231110121620-f2e19d87e48b/go.mod h1:Z46aLAe76cDDo+W1m5zVg+KeB+4P2+xWENVEFFzbBuQ=
